
Microsoft Visual Studio Solution File, Format Version 12.00
# Visual Studio 2015
Project("{FAE04EC0-301F-11D3-BF4B-00C04F79EFBC}") = "VoxelEngine.Plugins", "VoxelEngine.Plugins.csproj", "{B278E304-6518-69AF-22FA-4FADD3CC7674}"
EndProject
Project("{FAE04EC0-301F-11D3-BF4B-00C04F79EFBC}") = "VoxelEngine", "VoxelEngine.csproj", "{22976E03-54FC-961F-036A-3FFC93DEE343}"
EndProject
Project("{FAE04EC0-301F-11D3-BF4B-00C04F79EFBC}") = "VoxelEngine.Editor.Plugins", "VoxelEngine.Editor.Plugins.csproj", "{6F923AD9-63B6-8B26-86D3-BBF99098F503}"
EndProject
Project("{FAE04EC0-301F-11D3-BF4B-00C04F79EFBC}") = "VoxelEngine.Editor", "VoxelEngine.Editor.csproj", "{1873003C-744B-3622-44CA-1E56B9C801D8}"
EndProject
Global
	GlobalSection(SolutionConfigurationPlatforms) = preSolution
		Debug|Any CPU = Debug|Any CPU
		Release|Any CPU = Release|Any CPU
	EndGlobalSection
	GlobalSection(ProjectConfigurationPlatforms) = postSolution
		{B278E304-6518-69AF-22FA-4FADD3CC7674}.Debug|Any CPU.ActiveCfg = Debug|Any CPU
		{B278E304-6518-69AF-22FA-4FADD3CC7674}.Debug|Any CPU.Build.0 = Debug|Any CPU
		{B278E304-6518-69AF-22FA-4FADD3CC7674}.Release|Any CPU.ActiveCfg = Release|Any CPU
		{B278E304-6518-69AF-22FA-4FADD3CC7674}.Release|Any CPU.Build.0 = Release|Any CPU
		{22976E03-54FC-961F-036A-3FFC93DEE343}.Debug|Any CPU.ActiveCfg = Debug|Any CPU
		{22976E03-54FC-961F-036A-3FFC93DEE343}.Debug|Any CPU.Build.0 = Debug|Any CPU
		{22976E03-54FC-961F-036A-3FFC93DEE343}.Release|Any CPU.ActiveCfg = Release|Any CPU
		{22976E03-54FC-961F-036A-3FFC93DEE343}.Release|Any CPU.Build.0 = Release|Any CPU
		{6F923AD9-63B6-8B26-86D3-BBF99098F503}.Debug|Any CPU.ActiveCfg = Debug|Any CPU
		{6F923AD9-63B6-8B26-86D3-BBF99098F503}.Debug|Any CPU.Build.0 = Debug|Any CPU
		{6F923AD9-63B6-8B26-86D3-BBF99098F503}.Release|Any CPU.ActiveCfg = Release|Any CPU
		{6F923AD9-63B6-8B26-86D3-BBF99098F503}.Release|Any CPU.Build.0 = Release|Any CPU
		{1873003C-744B-3622-44CA-1E56B9C801D8}.Debug|Any CPU.ActiveCfg = Debug|Any CPU
		{1873003C-744B-3622-44CA-1E56B9C801D8}.Debug|Any CPU.Build.0 = Debug|Any CPU
		{1873003C-744B-3622-44CA-1E56B9C801D8}.Release|Any CPU.ActiveCfg = Release|Any CPU
		{1873003C-744B-3622-44CA-1E56B9C801D8}.Release|Any CPU.Build.0 = Release|Any CPU
	EndGlobalSection
	GlobalSection(SolutionProperties) = preSolution
		HideSolutionNode = FALSE
	EndGlobalSection
EndGlobal
